
Microsoft Visual Studio Solution File, Format Version 12.00
# Visual Studio Version 16
VisualStudioVersion = 16.0.29123.89
MinimumVisualStudioVersion = 10.0.40219.1
Project("{FAE04EC0-301F-11D3-BF4B-00C04F79EFBC}") = "Fur", "Fur\Fur.csproj", "{71E5C12E-AC8F-4A17-8CA6-8D2CBA3C6394}"
EndProject
Global
	GlobalSection(SolutionConfigurationPlatforms) = preSolution
		Debug|Any CPU = Debug|Any CPU
		Release|Any CPU = Release|Any CPU
	EndGlobalSection
	GlobalSection(ProjectConfigurationPlatforms) = postSolution
		{71E5C12E-AC8F-4A17-8CA6-8D2CBA3C6394}.Debug|Any CPU.ActiveCfg = Debug|Any CPU
		{71E5C12E-AC8F-4A17-8CA6-8D2CBA3C6394}.Debug|Any CPU.Build.0 = Debug|Any CPU
		{71E5C12E-AC8F-4A17-8CA6-8D2CBA3C6394}.Release|Any CPU.ActiveCfg = Release|Any CPU
		{71E5C12E-AC8F-4A17-8CA6-8D2CBA3C6394}.Release|Any CPU.Build.0 = Release|Any CPU
	EndGlobalSection
	GlobalSection(SolutionProperties) = preSolution
		HideSolutionNode = FALSE
	EndGlobalSection
	GlobalSection(ExtensibilityGlobals) = postSolution
		SolutionGuid = {F4DC482A-9228-47F7-93D0-C756508E44ED}
	EndGlobalSection
EndGlobal
